
Microsoft Visual Studio Solution File, Format Version 12.00
# Visual Studio Version 16
VisualStudioVersion = 16.0.809.10
MinimumVisualStudioVersion = 10.0.40219.1
Project("{2150E333-8FDC-42A3-9474-1A3956D46DE8}") = "src", "src", "{1B0ED098-D61B-4680-8347-EFC220BD211E}"
EndProject
Project("{2150E333-8FDC-42A3-9474-1A3956D46DE8}") = "test", "test", "{D0C115E0-2675-4A86-A5F5-C91CA84CFDEE}"
EndProject
Project("{FAE04EC0-301F-11D3-BF4B-00C04F79EFBC}") = "Scenario.Test", "test\Scenario.Test\Scenario.Test.csproj", "{472FA058-7B4B-4558-AED3-F045901ADAF9}"
EndProject
Project("{FAE04EC0-301F-11D3-BF4B-00C04F79EFBC}") = "Scenario.Domain.Shared", "src\Scenario.Domain.Shared\Scenario.Domain.Shared.csproj", "{FF2BDA0A-D92A-485B-A700-D0092F60578B}"
EndProject
Project("{FAE04EC0-301F-11D3-BF4B-00C04F79EFBC}") = "Scenario.Application", "src\Scenario.Application\Scenario.Application.csproj", "{2F194CBE-A20A-4AE2-8F22-DAE9CC1D4EC9}"
EndProject
Project("{FAE04EC0-301F-11D3-BF4B-00C04F79EFBC}") = "Scenario.Api", "src\Scenario.Api\Scenario.Api.csproj", "{807CACB5-A050-4AC7-8C99-78F169FEB5CA}"
EndProject
Project("{FAE04EC0-301F-11D3-BF4B-00C04F79EFBC}") = "Scenario.Persistence", "src\Scenario.Persistence\Scenario.Persistence.csproj", "{2B306EFA-C8BB-422B-ACD0-9135EE06D2E3}"
EndProject
Project("{2150E333-8FDC-42A3-9474-1A3956D46DE8}") = "samples", "samples", "{A6F4EA86-8A47-43BF-821C-807367CE15E5}"
EndProject
Project("{FAE04EC0-301F-11D3-BF4B-00C04F79EFBC}") = "Scenario", "src\Scenario\Scenario.csproj", "{4B6F3181-FCED-4371-AC05-AB5F3B2AAFEE}"
EndProject
Project("{FAE04EC0-301F-11D3-BF4B-00C04F79EFBC}") = "Project.Domain", "samples\Project.Domain\Project.Domain.csproj", "{3561A4E6-4D86-4B1C-995A-6CADF095717B}"
EndProject
Project("{FAE04EC0-301F-11D3-BF4B-00C04F79EFBC}") = "Project.Api", "samples\Project.Api\Project.Api.csproj", "{DC34A964-B3FE-4352-80AE-6FA24CDCC7CD}"
EndProject
Project("{FAE04EC0-301F-11D3-BF4B-00C04F79EFBC}") = "Scenario.Domain.Modeling", "src\Scenario.Domain.Modeling\Scenario.Domain.Modeling.csproj", "{13CECEF6-84D3-4A42-B9F8-C4549BFEE754}"
EndProject
Project("{FAE04EC0-301F-11D3-BF4B-00C04F79EFBC}") = "Scenario.Domain", "src\Scenario.Domain\Scenario.Domain.csproj", "{68EE5B60-CF7A-43B1-840A-CFD06C70CE6F}"
EndProject
Project("{FAE04EC0-301F-11D3-BF4B-00C04F79EFBC}") = "Scenario.Contracts", "src\Scenario.Contracts\Scenario.Contracts.csproj", "{CD1C33AA-E835-4C59-8C10-B5E97D25E4BB}"
EndProject
Project("{FAE04EC0-301F-11D3-BF4B-00C04F79EFBC}") = "Scenario.Core", "src\Scenario.Core\Scenario.Core.csproj", "{51F2C6ED-2D15-405C-9A82-2B1F7CD6541F}"
EndProject
Project("{FAE04EC0-301F-11D3-BF4B-00C04F79EFBC}") = "Scenario.EntityFrameworkCore", "src\Scenario.EntityFrameworkCore\Scenario.EntityFrameworkCore.csproj", "{12B031F8-40FE-4F13-A47F-A41DF3E97978}"
EndProject
Project("{2150E333-8FDC-42A3-9474-1A3956D46DE8}") = "design", "design", "{FAAAB939-9C2C-4DEF-835E-1EC7C9F75C63}"
EndProject
Project("{FAE04EC0-301F-11D3-BF4B-00C04F79EFBC}") = "Scenario.Api.Test", "test\Scenario.Api.Test\Scenario.Api.Test.csproj", "{922BA9A4-5FBC-4278-BC33-96C4E904B836}"
EndProject
Project("{FAE04EC0-301F-11D3-BF4B-00C04F79EFBC}") = "Scenario.Project.Test", "test\Scenario.Project.Test\Scenario.Project.Test.csproj", "{3E8D9314-C920-408E-B3FD-09CE382D6EAE}"
EndProject
Project("{FAE04EC0-301F-11D3-BF4B-00C04F79EFBC}") = "Scenario.Configuration", "src\Scenario.Configuration\Scenario.Configuration.csproj", "{66B31776-7CD5-4905-A4F6-460710EC5509}"
EndProject
Project("{FAE04EC0-301F-11D3-BF4B-00C04F79EFBC}") = "Scenario.Domain.Models", "src\Scenario.Domain.Models\Scenario.Domain.Models.csproj", "{C4C25918-AAC8-4DDC-9C62-FCC8A7C02465}"
EndProject
Project("{FAE04EC0-301F-11D3-BF4B-00C04F79EFBC}") = "Scenario.Events", "src\Scenario.Events\Scenario.Events.csproj", "{73D6C393-0AEC-44E1-BF49-17556FAC9893}"
EndProject
Project("{FAE04EC0-301F-11D3-BF4B-00C04F79EFBC}") = "Scenario.Domain.Persistence", "src\Scenario.Domain.Persistence\Scenario.Domain.Persistence.csproj", "{50FF3A4C-1E23-42BD-B3C0-31AB1CC24CC1}"
EndProject
Project("{FAE04EC0-301F-11D3-BF4B-00C04F79EFBC}") = "Scenario.TestDataBuilder", "test\Scenario.TestDataBuilder\Scenario.TestDataBuilder.csproj", "{DA2BBDEC-841C-4CCC-80D1-6116A35169B8}"
EndProject
Project("{FAE04EC0-301F-11D3-BF4B-00C04F79EFBC}") = "Scenario.EntityFramework.Test", "test\Scenario.EntityFramework.Test\Scenario.EntityFramework.Test.csproj", "{44F40924-D93F-4468-9B27-5C87D8358066}"
EndProject
Global
	GlobalSection(SolutionConfigurationPlatforms) = preSolution
		Debug|Any CPU = Debug|Any CPU
		Release|Any CPU = Release|Any CPU
	EndGlobalSection
	GlobalSection(ProjectConfigurationPlatforms) = postSolution
		{472FA058-7B4B-4558-AED3-F045901ADAF9}.Debug|Any CPU.ActiveCfg = Debug|Any CPU
		{472FA058-7B4B-4558-AED3-F045901ADAF9}.Debug|Any CPU.Build.0 = Debug|Any CPU
		{472FA058-7B4B-4558-AED3-F045901ADAF9}.Release|Any CPU.ActiveCfg = Release|Any CPU
		{472FA058-7B4B-4558-AED3-F045901ADAF9}.Release|Any CPU.Build.0 = Release|Any CPU
		{FF2BDA0A-D92A-485B-A700-D0092F60578B}.Debug|Any CPU.ActiveCfg = Debug|Any CPU
		{FF2BDA0A-D92A-485B-A700-D0092F60578B}.Debug|Any CPU.Build.0 = Debug|Any CPU
		{FF2BDA0A-D92A-485B-A700-D0092F60578B}.Release|Any CPU.ActiveCfg = Release|Any CPU
		{FF2BDA0A-D92A-485B-A700-D0092F60578B}.Release|Any CPU.Build.0 = Release|Any CPU
		{2F194CBE-A20A-4AE2-8F22-DAE9CC1D4EC9}.Debug|Any CPU.ActiveCfg = Debug|Any CPU
		{2F194CBE-A20A-4AE2-8F22-DAE9CC1D4EC9}.Debug|Any CPU.Build.0 = Debug|Any CPU
		{2F194CBE-A20A-4AE2-8F22-DAE9CC1D4EC9}.Release|Any CPU.ActiveCfg = Release|Any CPU
		{2F194CBE-A20A-4AE2-8F22-DAE9CC1D4EC9}.Release|Any CPU.Build.0 = Release|Any CPU
		{807CACB5-A050-4AC7-8C99-78F169FEB5CA}.Debug|Any CPU.ActiveCfg = Debug|Any CPU
		{807CACB5-A050-4AC7-8C99-78F169FEB5CA}.Debug|Any CPU.Build.0 = Debug|Any CPU
		{807CACB5-A050-4AC7-8C99-78F169FEB5CA}.Release|Any CPU.ActiveCfg = Release|Any CPU
		{807CACB5-A050-4AC7-8C99-78F169FEB5CA}.Release|Any CPU.Build.0 = Release|Any CPU
		{2B306EFA-C8BB-422B-ACD0-9135EE06D2E3}.Debug|Any CPU.ActiveCfg = Debug|Any CPU
		{2B306EFA-C8BB-422B-ACD0-9135EE06D2E3}.Debug|Any CPU.Build.0 = Debug|Any CPU
		{2B306EFA-C8BB-422B-ACD0-9135EE06D2E3}.Release|Any CPU.ActiveCfg = Release|Any CPU
		{2B306EFA-C8BB-422B-ACD0-9135EE06D2E3}.Release|Any CPU.Build.0 = Release|Any CPU
		{4B6F3181-FCED-4371-AC05-AB5F3B2AAFEE}.Debug|Any CPU.ActiveCfg = Debug|Any CPU
		{4B6F3181-FCED-4371-AC05-AB5F3B2AAFEE}.Debug|Any CPU.Build.0 = Debug|Any CPU
		{4B6F3181-FCED-4371-AC05-AB5F3B2AAFEE}.Release|Any CPU.ActiveCfg = Release|Any CPU
		{4B6F3181-FCED-4371-AC05-AB5F3B2AAFEE}.Release|Any CPU.Build.0 = Release|Any CPU
		{3561A4E6-4D86-4B1C-995A-6CADF095717B}.Debug|Any CPU.ActiveCfg = Debug|Any CPU
		{3561A4E6-4D86-4B1C-995A-6CADF095717B}.Debug|Any CPU.Build.0 = Debug|Any CPU
		{3561A4E6-4D86-4B1C-995A-6CADF095717B}.Release|Any CPU.ActiveCfg = Release|Any CPU
		{3561A4E6-4D86-4B1C-995A-6CADF095717B}.Release|Any CPU.Build.0 = Release|Any CPU
		{DC34A964-B3FE-4352-80AE-6FA24CDCC7CD}.Debug|Any CPU.ActiveCfg = Debug|Any CPU
		{DC34A964-B3FE-4352-80AE-6FA24CDCC7CD}.Debug|Any CPU.Build.0 = Debug|Any CPU
		{DC34A964-B3FE-4352-80AE-6FA24CDCC7CD}.Release|Any CPU.ActiveCfg = Release|Any CPU
		{DC34A964-B3FE-4352-80AE-6FA24CDCC7CD}.Release|Any CPU.Build.0 = Release|Any CPU
		{13CECEF6-84D3-4A42-B9F8-C4549BFEE754}.Debug|Any CPU.ActiveCfg = Debug|Any CPU
		{13CECEF6-84D3-4A42-B9F8-C4549BFEE754}.Debug|Any CPU.Build.0 = Debug|Any CPU
		{13CECEF6-84D3-4A42-B9F8-C4549BFEE754}.Release|Any CPU.ActiveCfg = Release|Any CPU
		{13CECEF6-84D3-4A42-B9F8-C4549BFEE754}.Release|Any CPU.Build.0 = Release|Any CPU
		{68EE5B60-CF7A-43B1-840A-CFD06C70CE6F}.Debug|Any CPU.ActiveCfg = Debug|Any CPU
		{68EE5B60-CF7A-43B1-840A-CFD06C70CE6F}.Debug|Any CPU.Build.0 = Debug|Any CPU
		{68EE5B60-CF7A-43B1-840A-CFD06C70CE6F}.Release|Any CPU.ActiveCfg = Release|Any CPU
		{68EE5B60-CF7A-43B1-840A-CFD06C70CE6F}.Release|Any CPU.Build.0 = Release|Any CPU
		{CD1C33AA-E835-4C59-8C10-B5E97D25E4BB}.Debug|Any CPU.ActiveCfg = Debug|Any CPU
		{CD1C33AA-E835-4C59-8C10-B5E97D25E4BB}.Debug|Any CPU.Build.0 = Debug|Any CPU
		{CD1C33AA-E835-4C59-8C10-B5E97D25E4BB}.Release|Any CPU.ActiveCfg = Release|Any CPU
		{CD1C33AA-E835-4C59-8C10-B5E97D25E4BB}.Release|Any CPU.Build.0 = Release|Any CPU
		{51F2C6ED-2D15-405C-9A82-2B1F7CD6541F}.Debug|Any CPU.ActiveCfg = Debug|Any CPU
		{51F2C6ED-2D15-405C-9A82-2B1F7CD6541F}.Debug|Any CPU.Build.0 = Debug|Any CPU
		{51F2C6ED-2D15-405C-9A82-2B1F7CD6541F}.Release|Any CPU.ActiveCfg = Release|Any CPU
		{51F2C6ED-2D15-405C-9A82-2B1F7CD6541F}.Release|Any CPU.Build.0 = Release|Any CPU
		{12B031F8-40FE-4F13-A47F-A41DF3E97978}.Debug|Any CPU.ActiveCfg = Debug|Any CPU
		{12B031F8-40FE-4F13-A47F-A41DF3E97978}.Debug|Any CPU.Build.0 = Debug|Any CPU
		{12B031F8-40FE-4F13-A47F-A41DF3E97978}.Release|Any CPU.ActiveCfg = Release|Any CPU
		{12B031F8-40FE-4F13-A47F-A41DF3E97978}.Release|Any CPU.Build.0 = Release|Any CPU
		{922BA9A4-5FBC-4278-BC33-96C4E904B836}.Debug|Any CPU.ActiveCfg = Debug|Any CPU
		{922BA9A4-5FBC-4278-BC33-96C4E904B836}.Debug|Any CPU.Build.0 = Debug|Any CPU
		{922BA9A4-5FBC-4278-BC33-96C4E904B836}.Release|Any CPU.ActiveCfg = Release|Any CPU
		{922BA9A4-5FBC-4278-BC33-96C4E904B836}.Release|Any CPU.Build.0 = Release|Any CPU
		{3E8D9314-C920-408E-B3FD-09CE382D6EAE}.Debug|Any CPU.ActiveCfg = Debug|Any CPU
		{3E8D9314-C920-408E-B3FD-09CE382D6EAE}.Debug|Any CPU.Build.0 = Debug|Any CPU
		{3E8D9314-C920-408E-B3FD-09CE382D6EAE}.Release|Any CPU.ActiveCfg = Release|Any CPU
		{3E8D9314-C920-408E-B3FD-09CE382D6EAE}.Release|Any CPU.Build.0 = Release|Any CPU
		{66B31776-7CD5-4905-A4F6-460710EC5509}.Debug|Any CPU.ActiveCfg = Debug|Any CPU
		{66B31776-7CD5-4905-A4F6-460710EC5509}.Debug|Any CPU.Build.0 = Debug|Any CPU
		{66B31776-7CD5-4905-A4F6-460710EC5509}.Release|Any CPU.ActiveCfg = Release|Any CPU
		{66B31776-7CD5-4905-A4F6-460710EC5509}.Release|Any CPU.Build.0 = Release|Any CPU
		{C4C25918-AAC8-4DDC-9C62-FCC8A7C02465}.Debug|Any CPU.ActiveCfg = Debug|Any CPU
		{C4C25918-AAC8-4DDC-9C62-FCC8A7C02465}.Debug|Any CPU.Build.0 = Debug|Any CPU
		{C4C25918-AAC8-4DDC-9C62-FCC8A7C02465}.Release|Any CPU.ActiveCfg = Release|Any CPU
		{C4C25918-AAC8-4DDC-9C62-FCC8A7C02465}.Release|Any CPU.Build.0 = Release|Any CPU
		{73D6C393-0AEC-44E1-BF49-17556FAC9893}.Debug|Any CPU.ActiveCfg = Debug|Any CPU
		{73D6C393-0AEC-44E1-BF49-17556FAC9893}.Debug|Any CPU.Build.0 = Debug|Any CPU
		{73D6C393-0AEC-44E1-BF49-17556FAC9893}.Release|Any CPU.ActiveCfg = Release|Any CPU
		{73D6C393-0AEC-44E1-BF49-17556FAC9893}.Release|Any CPU.Build.0 = Release|Any CPU
		{50FF3A4C-1E23-42BD-B3C0-31AB1CC24CC1}.Debug|Any CPU.ActiveCfg = Debug|Any CPU
		{50FF3A4C-1E23-42BD-B3C0-31AB1CC24CC1}.Debug|Any CPU.Build.0 = Debug|Any CPU
		{50FF3A4C-1E23-42BD-B3C0-31AB1CC24CC1}.Release|Any CPU.ActiveCfg = Release|Any CPU
		{50FF3A4C-1E23-42BD-B3C0-31AB1CC24CC1}.Release|Any CPU.Build.0 = Release|Any CPU
		{DA2BBDEC-841C-4CCC-80D1-6116A35169B8}.Debug|Any CPU.ActiveCfg = Debug|Any CPU
		{DA2BBDEC-841C-4CCC-80D1-6116A35169B8}.Debug|Any CPU.Build.0 = Debug|Any CPU
		{DA2BBDEC-841C-4CCC-80D1-6116A35169B8}.Release|Any CPU.ActiveCfg = Release|Any CPU
		{DA2BBDEC-841C-4CCC-80D1-6116A35169B8}.Release|Any CPU.Build.0 = Release|Any CPU
		{44F40924-D93F-4468-9B27-5C87D8358066}.Debug|Any CPU.ActiveCfg = Debug|Any CPU
		{44F40924-D93F-4468-9B27-5C87D8358066}.Debug|Any CPU.Build.0 = Debug|Any CPU
		{44F40924-D93F-4468-9B27-5C87D8358066}.Release|Any CPU.ActiveCfg = Release|Any CPU
		{44F40924-D93F-4468-9B27-5C87D8358066}.Release|Any CPU.Build.0 = Release|Any CPU
	EndGlobalSection
	GlobalSection(SolutionProperties) = preSolution
		HideSolutionNode = FALSE
	EndGlobalSection
	GlobalSection(ExtensibilityGlobals) = postSolution
		SolutionGuid = {723E848D-AC4E-40D3-AD0E-817B4F8F299E}
	EndGlobalSection
	GlobalSection(NestedProjects) = preSolution
		{472FA058-7B4B-4558-AED3-F045901ADAF9} = {D0C115E0-2675-4A86-A5F5-C91CA84CFDEE}
		{FF2BDA0A-D92A-485B-A700-D0092F60578B} = {1B0ED098-D61B-4680-8347-EFC220BD211E}
		{2F194CBE-A20A-4AE2-8F22-DAE9CC1D4EC9} = {1B0ED098-D61B-4680-8347-EFC220BD211E}
		{807CACB5-A050-4AC7-8C99-78F169FEB5CA} = {1B0ED098-D61B-4680-8347-EFC220BD211E}
		{2B306EFA-C8BB-422B-ACD0-9135EE06D2E3} = {1B0ED098-D61B-4680-8347-EFC220BD211E}
		{4B6F3181-FCED-4371-AC05-AB5F3B2AAFEE} = {1B0ED098-D61B-4680-8347-EFC220BD211E}
		{3561A4E6-4D86-4B1C-995A-6CADF095717B} = {A6F4EA86-8A47-43BF-821C-807367CE15E5}
		{DC34A964-B3FE-4352-80AE-6FA24CDCC7CD} = {A6F4EA86-8A47-43BF-821C-807367CE15E5}
		{13CECEF6-84D3-4A42-B9F8-C4549BFEE754} = {1B0ED098-D61B-4680-8347-EFC220BD211E}
		{68EE5B60-CF7A-43B1-840A-CFD06C70CE6F} = {1B0ED098-D61B-4680-8347-EFC220BD211E}
		{CD1C33AA-E835-4C59-8C10-B5E97D25E4BB} = {1B0ED098-D61B-4680-8347-EFC220BD211E}
		{51F2C6ED-2D15-405C-9A82-2B1F7CD6541F} = {1B0ED098-D61B-4680-8347-EFC220BD211E}
		{12B031F8-40FE-4F13-A47F-A41DF3E97978} = {1B0ED098-D61B-4680-8347-EFC220BD211E}
		{922BA9A4-5FBC-4278-BC33-96C4E904B836} = {D0C115E0-2675-4A86-A5F5-C91CA84CFDEE}
		{3E8D9314-C920-408E-B3FD-09CE382D6EAE} = {D0C115E0-2675-4A86-A5F5-C91CA84CFDEE}
		{66B31776-7CD5-4905-A4F6-460710EC5509} = {1B0ED098-D61B-4680-8347-EFC220BD211E}
		{C4C25918-AAC8-4DDC-9C62-FCC8A7C02465} = {1B0ED098-D61B-4680-8347-EFC220BD211E}
		{73D6C393-0AEC-44E1-BF49-17556FAC9893} = {1B0ED098-D61B-4680-8347-EFC220BD211E}
		{50FF3A4C-1E23-42BD-B3C0-31AB1CC24CC1} = {1B0ED098-D61B-4680-8347-EFC220BD211E}
		{DA2BBDEC-841C-4CCC-80D1-6116A35169B8} = {D0C115E0-2675-4A86-A5F5-C91CA84CFDEE}
		{44F40924-D93F-4468-9B27-5C87D8358066} = {D0C115E0-2675-4A86-A5F5-C91CA84CFDEE}
	EndGlobalSection
EndGlobal
